{
  "name": "api",
  "lockfileVersion": 3,
  "requires": true,
  "packages": {
    "": {
      "dependencies": {
        "next": "^15.0.0-canary.130"
      }
    },
    "node_modules/@emnapi/runtime": {
      "version": "1.2.0",
      "resolved": "https://registry.npmmirror.com/@emnapi/runtime/-/runtime-1.2.0.tgz",
      "integrity": "sha512-bV21/9LQmcQeCPEg3BDFtvwL6cwiTMksYNWQQ4KOxCZikEGalWtenoZ0wCiukJINlGCIi2KXx01g4FoH/LxpzQ==",
      "optional": true,
      "dependencies": {
        "tslib": "^2.4.0"
      }
    },
    "node_modules/@img/sharp-darwin-arm64": {
      "version": "0.33.5",
      "resolved": "https://registry.npmmirror.com/@img/sharp-darwin-arm64/-/sharp-darwin-arm64-0.33.5.tgz",
      "integrity": "sha512-UT4p+iz/2H4twwAoLCqfA9UH5pI6DggwKEGuaPy7nCVQ8ZsiY5PIcrRvD1DzuY3qYL07NtIQcWnBSY/heikIFQ==",
      "cpu": [
        "arm64"
      ],
      "optional": true,
      "os": [
        "darwin"
      ],
      "engines": {
        "node": "^18.17.0 || ^20.3.0 || >=21.0.0"
      },
      "funding": {
        "url": "https://opencollective.com/libvips"
      },
      "optionalDependencies": {
        "@img/sharp-libvips-darwin-arm64": "1.0.4"
      }
    },
    "node_modules/@img/sharp-darwin-x64": {
      "version": "0.33.5",
      "resolved": "https://registry.npmmirror.com/@img/sharp-darwin-x64/-/sharp-darwin-x64-0.33.5.tgz",
      "integrity": "sha512-fyHac4jIc1ANYGRDxtiqelIbdWkIuQaI84Mv45KvGRRxSAa7o7d1ZKAOBaYbnepLC1WqxfpimdeWfvqqSGwR2Q==",
      "cpu": [
        "x64"
      ],
      "optional": true,
      "os": [
        "darwin"
      ],
      "engines": {
        "node": "^18.17.0 || ^20.3.0 || >=21.0.0"
      },
      "funding": {
        "url": "https://opencollective.com/libvips"
      },
      "optionalDependencies": {
        "@img/sharp-libvips-darwin-x64": "1.0.4"
      }
    },
    "node_modules/@img/sharp-libvips-darwin-arm64": {
      "version": "1.0.4",
      "resolved": "https://registry.npmmirror.com/@img/sharp-libvips-darwin-arm64/-/sharp-libvips-darwin-arm64-1.0.4.tgz",
      "integrity": "sha512-XblONe153h0O2zuFfTAbQYAX2JhYmDHeWikp1LM9Hul9gVPjFY427k6dFEcOL72O01QxQsWi761svJ/ev9xEDg==",
      "cpu": [
        "arm64"
      ],
      "optional": true,
      "os": [
        "darwin"
      ],
      "funding": {
        "url": "https://opencollective.com/libvips"
      }
    },
    "node_modules/@img/sharp-libvips-darwin-x64": {
      "version": "1.0.4",
      "resolved": "https://registry.npmmirror.com/@img/sharp-libvips-darwin-x64/-/sharp-libvips-darwin-x64-1.0.4.tgz",
      "integrity": "sha512-xnGR8YuZYfJGmWPvmlunFaWJsb9T/AO2ykoP3Fz/0X5XV2aoYBPkX6xqCQvUTKKiLddarLaxpzNe+b1hjeWHAQ==",
      "cpu": [
        "x64"
      ],
      "optional": true,
      "os": [
        "darwin"
      ],
      "funding": {
        "url": "https://opencollective.com/libvips"
      }
    },
    "node_modules/@img/sharp-libvips-linux-arm": {
      "version": "1.0.5",
      "resolved": "https://registry.npmmirror.com/@img/sharp-libvips-linux-arm/-/sharp-libvips-linux-arm-1.0.5.tgz",
      "integrity": "sha512-gvcC4ACAOPRNATg/ov8/MnbxFDJqf/pDePbBnuBDcjsI8PssmjoKMAz4LtLaVi+OnSb5FK/yIOamqDwGmXW32g==",
      "cpu": [
        "arm"
      ],
      "optional": true,
      "os": [
        "linux"
      ],
      "funding": {
        "url": "https://opencollective.com/libvips"
      }
    },
    "node_modules/@img/sharp-libvips-linux-arm64": {
      "version": "1.0.4",
      "resolved": "https://registry.npmmirror.com/@img/sharp-libvips-linux-arm64/-/sharp-libvips-linux-arm64-1.0.4.tgz",
      "integrity": "sha512-9B+taZ8DlyyqzZQnoeIvDVR/2F4EbMepXMc/NdVbkzsJbzkUjhXv/70GQJ7tdLA4YJgNP25zukcxpX2/SueNrA==",
      "cpu": [
        "arm64"
      ],
      "optional": true,
      "os": [
        "linux"
      ],
      "funding": {
        "url": "https://opencollective.com/libvips"
      }
    },
    "node_modules/@img/sharp-libvips-linux-s390x": {
      "version": "1.0.4",
      "resolved": "https://registry.npmmirror.com/@img/sharp-libvips-linux-s390x/-/sharp-libvips-linux-s390x-1.0.4.tgz",
      "integrity": "sha512-u7Wz6ntiSSgGSGcjZ55im6uvTrOxSIS8/dgoVMoiGE9I6JAfU50yH5BoDlYA1tcuGS7g/QNtetJnxA6QEsCVTA==",
      "cpu": [
        "s390x"
      ],
      "optional": true,
      "os": [
        "linux"
      ],
      "funding": {
        "url": "https://opencollective.com/libvips"
      }
    },
    "node_modules/@img/sharp-libvips-linux-x64": {
      "version": "1.0.4",
      "resolved": "https://registry.npmmirror.com/@img/sharp-libvips-linux-x64/-/sharp-libvips-linux-x64-1.0.4.tgz",
      "integrity": "sha512-MmWmQ3iPFZr0Iev+BAgVMb3ZyC4KeFc3jFxnNbEPas60e1cIfevbtuyf9nDGIzOaW9PdnDciJm+wFFaTlj5xYw==",
      "cpu": [
        "x64"
      ],
      "optional": true,
      "os": [
        "linux"
      ],
      "funding": {
        "url": "https://opencollective.com/libvips"
      }
    },
    "node_modules/@img/sharp-libvips-linuxmusl-arm64": {
      "version": "1.0.4",
      "resolved": "https://registry.npmmirror.com/@img/sharp-libvips-linuxmusl-arm64/-/sharp-libvips-linuxmusl-arm64-1.0.4.tgz",
      "integrity": "sha512-9Ti+BbTYDcsbp4wfYib8Ctm1ilkugkA/uscUn6UXK1ldpC1JjiXbLfFZtRlBhjPZ5o1NCLiDbg8fhUPKStHoTA==",
      "cpu": [
        "arm64"
      ],
      "optional": true,
      "os": [
        "linux"
      ],
      "funding": {
        "url": "https://opencollective.com/libvips"
      }
    },
    "node_modules/@img/sharp-libvips-linuxmusl-x64": {
      "version": "1.0.4",
      "resolved": "https://registry.npmmirror.com/@img/sharp-libvips-linuxmusl-x64/-/sharp-libvips-linuxmusl-x64-1.0.4.tgz",
      "integrity": "sha512-viYN1KX9m+/hGkJtvYYp+CCLgnJXwiQB39damAO7WMdKWlIhmYTfHjwSbQeUK/20vY154mwezd9HflVFM1wVSw==",
      "cpu": [
        "x64"
      ],
      "optional": true,
      "os": [
        "linux"
      ],
      "funding": {
        "url": "https://opencollective.com/libvips"
      }
    },
    "node_modules/@img/sharp-linux-arm": {
      "version": "0.33.5",
      "resolved": "https://registry.npmmirror.com/@img/sharp-linux-arm/-/sharp-linux-arm-0.33.5.tgz",
      "integrity": "sha512-JTS1eldqZbJxjvKaAkxhZmBqPRGmxgu+qFKSInv8moZ2AmT5Yib3EQ1c6gp493HvrvV8QgdOXdyaIBrhvFhBMQ==",
      "cpu": [
        "arm"
      ],
      "optional": true,
      "os": [
        "linux"
      ],
      "engines": {
        "node": "^18.17.0 || ^20.3.0 || >=21.0.0"
      },
      "funding": {
        "url": "https://opencollective.com/libvips"
      },
      "optionalDependencies": {
        "@img/sharp-libvips-linux-arm": "1.0.5"
      }
    },
    "node_modules/@img/sharp-linux-arm64": {
      "version": "0.33.5",
      "resolved": "https://registry.npmmirror.com/@img/sharp-linux-arm64/-/sharp-linux-arm64-0.33.5.tgz",
      "integrity": "sha512-JMVv+AMRyGOHtO1RFBiJy/MBsgz0x4AWrT6QoEVVTyh1E39TrCUpTRI7mx9VksGX4awWASxqCYLCV4wBZHAYxA==",
      "cpu": [
        "arm64"
      ],
      "optional": true,
      "os": [
        "linux"
      ],
      "engines": {
        "node": "^18.17.0 || ^20.3.0 || >=21.0.0"
      },
      "funding": {
        "url": "https://opencollective.com/libvips"
      },
      "optionalDependencies": {
        "@img/sharp-libvips-linux-arm64": "1.0.4"
      }
    },
    "node_modules/@img/sharp-linux-s390x": {
      "version": "0.33.5",
      "resolved": "https://registry.npmmirror.com/@img/sharp-linux-s390x/-/sharp-linux-s390x-0.33.5.tgz",
      "integrity": "sha512-y/5PCd+mP4CA/sPDKl2961b+C9d+vPAveS33s6Z3zfASk2j5upL6fXVPZi7ztePZ5CuH+1kW8JtvxgbuXHRa4Q==",
      "cpu": [
        "s390x"
      ],
      "optional": true,
      "os": [
        "linux"
      ],
      "engines": {
        "node": "^18.17.0 || ^20.3.0 || >=21.0.0"
      },
      "funding": {
        "url": "https://opencollective.com/libvips"
      },
      "optionalDependencies": {
        "@img/sharp-libvips-linux-s390x": "1.0.4"
      }
    },
    "node_modules/@img/sharp-linux-x64": {
      "version": "0.33.5",
      "resolved": "https://registry.npmmirror.com/@img/sharp-linux-x64/-/sharp-linux-x64-0.33.5.tgz",
      "integrity": "sha512-opC+Ok5pRNAzuvq1AG0ar+1owsu842/Ab+4qvU879ippJBHvyY5n2mxF1izXqkPYlGuP/M556uh53jRLJmzTWA==",
      "cpu": [
        "x64"
      ],
      "optional": true,
      "os": [
        "linux"
      ],
      "engines": {
        "node": "^18.17.0 || ^20.3.0 || >=21.0.0"
      },
      "funding": {
        "url": "https://opencollective.com/libvips"
      },
      "optionalDependencies": {
        "@img/sharp-libvips-linux-x64": "1.0.4"
      }
    },
    "node_modules/@img/sharp-linuxmusl-arm64": {
      "version": "0.33.5",
      "resolved": "https://registry.npmmirror.com/@img/sharp-linuxmusl-arm64/-/sharp-linuxmusl-arm64-0.33.5.tgz",
      "integrity": "sha512-XrHMZwGQGvJg2V/oRSUfSAfjfPxO+4DkiRh6p2AFjLQztWUuY/o8Mq0eMQVIY7HJ1CDQUJlxGGZRw1a5bqmd1g==",
      "cpu": [
        "arm64"
      ],
      "optional": true,
      "os": [
        "linux"
      ],
      "engines": {
        "node": "^18.17.0 || ^20.3.0 || >=21.0.0"
      },
      "funding": {
        "url": "https://opencollective.com/libvips"
      },
      "optionalDependencies": {
        "@img/sharp-libvips-linuxmusl-arm64": "1.0.4"
      }
    },
    "node_modules/@img/sharp-linuxmusl-x64": {
      "version": "0.33.5",
      "resolved": "https://registry.npmmirror.com/@img/sharp-linuxmusl-x64/-/sharp-linuxmusl-x64-0.33.5.tgz",
      "integrity": "sha512-WT+d/cgqKkkKySYmqoZ8y3pxx7lx9vVejxW/W4DOFMYVSkErR+w7mf2u8m/y4+xHe7yY9DAXQMWQhpnMuFfScw==",
      "cpu": [
        "x64"
      ],
      "optional": true,
      "os": [
        "linux"
      ],
      "engines": {
        "node": "^18.17.0 || ^20.3.0 || >=21.0.0"
      },
      "funding": {
        "url": "https://opencollective.com/libvips"
      },
      "optionalDependencies": {
        "@img/sharp-libvips-linuxmusl-x64": "1.0.4"
      }
    },
    "node_modules/@img/sharp-wasm32": {
      "version": "0.33.5",
      "resolved": "https://registry.npmmirror.com/@img/sharp-wasm32/-/sharp-wasm32-0.33.5.tgz",
      "integrity": "sha512-ykUW4LVGaMcU9lu9thv85CbRMAwfeadCJHRsg2GmeRa/cJxsVY9Rbd57JcMxBkKHag5U/x7TSBpScF4U8ElVzg==",
      "cpu": [
        "wasm32"
      ],
      "optional": true,
      "dependencies": {
        "@emnapi/runtime": "^1.2.0"
      },
      "engines": {
        "node": "^18.17.0 || ^20.3.0 || >=21.0.0"
      },
      "funding": {
        "url": "https://opencollective.com/libvips"
      }
    },
    "node_modules/@img/sharp-win32-ia32": {
      "version": "0.33.5",
      "resolved": "https://registry.npmmirror.com/@img/sharp-win32-ia32/-/sharp-win32-ia32-0.33.5.tgz",
      "integrity": "sha512-T36PblLaTwuVJ/zw/LaH0PdZkRz5rd3SmMHX8GSmR7vtNSP5Z6bQkExdSK7xGWyxLw4sUknBuugTelgw2faBbQ==",
      "cpu": [
        "ia32"
      ],
      "optional": true,
      "os": [
        "win32"
      ],
      "engines": {
        "node": "^18.17.0 || ^20.3.0 || >=21.0.0"
      },
      "funding": {
        "url": "https://opencollective.com/libvips"
      }
    },
    "node_modules/@img/sharp-win32-x64": {
      "version": "0.33.5",
      "resolved": "https://registry.npmmirror.com/@img/sharp-win32-x64/-/sharp-win32-x64-0.33.5.tgz",
      "integrity": "sha512-MpY/o8/8kj+EcnxwvrP4aTJSWw/aZ7JIGR4aBeZkZw5B7/Jn+tY9/VNwtcoGmdT7GfggGIU4kygOMSbYnOrAbg==",
      "cpu": [
        "x64"
      ],
      "optional": true,
      "os": [
        "win32"
      ],
      "engines": {
        "node": "^18.17.0 || ^20.3.0 || >=21.0.0"
      },
      "funding": {
        "url": "https://opencollective.com/libvips"
      }
    },
    "node_modules/@next/env": {
      "version": "15.0.0-canary.130",
      "resolved": "https://registry.npmmirror.com/@next/env/-/env-15.0.0-canary.130.tgz",
      "integrity": "sha512-TPyUrSoNel8r/zK4udsdZYlckh4GAl9lkIjdbGigsCy36SvmFLKr1+6ib0El74Lp4VYUCky7fSrp40hmiXQbAQ=="
    },
    "node_modules/@next/swc-darwin-arm64": {
      "version": "15.0.0-canary.130",
      "resolved": "https://registry.npmmirror.com/@next/swc-darwin-arm64/-/swc-darwin-arm64-15.0.0-canary.130.tgz",
      "integrity": "sha512-i78IahlCCxgFM5LO3Wg65ruRirLn6C3dji5quWxtuht3A2IUMMIwUaCKffFNF6PPS+gN3i6WS3ll5VKT7ETtPQ==",
      "cpu": [
        "arm64"
      ],
      "optional": true,
      "os": [
        "darwin"
      ],
      "engines": {
        "node": ">= 10"
      }
    },
    "node_modules/@next/swc-darwin-x64": {
      "version": "15.0.0-canary.130",
      "resolved": "https://registry.npmmirror.com/@next/swc-darwin-x64/-/swc-darwin-x64-15.0.0-canary.130.tgz",
      "integrity": "sha512-6ad2/R48GmK/4Q+zDnKvZZgeBLhPY9lAoOSa7bbjDnzeum+2WLiqVwFIK6m/LQtMUvInNuXML0bxC7w87aCfgA==",
      "cpu": [
        "x64"
      ],
      "optional": true,
      "os": [
        "darwin"
      ],
      "engines": {
        "node": ">= 10"
      }
    },
    "node_modules/@next/swc-linux-arm64-gnu": {
      "version": "15.0.0-canary.130",
      "resolved": "https://registry.npmmirror.com/@next/swc-linux-arm64-gnu/-/swc-linux-arm64-gnu-15.0.0-canary.130.tgz",
      "integrity": "sha512-x1GtTrNUTFm4JvaatTEQwjcIJWXy0aGVm2xCzic+TupzP6Ofrp+KY3JwUFR1CiCBjSIemgxKOhYvKRSjDIP/Dg==",
      "cpu": [
        "arm64"
      ],
      "optional": true,
      "os": [
        "linux"
      ],
      "engines": {
        "node": ">= 10"
      }
    },
    "node_modules/@next/swc-linux-arm64-musl": {
      "version": "15.0.0-canary.130",
      "resolved": "https://registry.npmmirror.com/@next/swc-linux-arm64-musl/-/swc-linux-arm64-musl-15.0.0-canary.130.tgz",
      "integrity": "sha512-ec/kxN71GsCdp6qc2n+/Z6laIrD2DWsGS1DdVUR1jR+DAHPqCG0wPwBB+erhf0+TLBWqCyWayJ1WoSleCIfdWA==",
      "cpu": [
        "arm64"
      ],
      "optional": true,
      "os": [
        "linux"
      ],
      "engines": {
        "node": ">= 10"
      }
    },
    "node_modules/@next/swc-linux-x64-gnu": {
      "version": "15.0.0-canary.130",
      "resolved": "https://registry.npmmirror.com/@next/swc-linux-x64-gnu/-/swc-linux-x64-gnu-15.0.0-canary.130.tgz",
      "integrity": "sha512-BkORXTSHrs2PW1mUuX8L7RAEtcSapH6TbhRR2jV/22VF9bAMzGmK/+/waNO0OwyMTcYu1O1eZHok3cRqESnYfQ==",
      "cpu": [
        "x64"
      ],
      "optional": true,
      "os": [
        "linux"
      ],
      "engines": {
        "node": ">= 10"
      }
    },
    "node_modules/@next/swc-linux-x64-musl": {
      "version": "15.0.0-canary.130",
      "resolved": "https://registry.npmmirror.com/@next/swc-linux-x64-musl/-/swc-linux-x64-musl-15.0.0-canary.130.tgz",
      "integrity": "sha512-JeWF76srIvcn9GGkXUdVz078lnlZxXfGx8otIOYMSBfwWgkcxq6aM0RpjhPqqLi1AGvCTmDzq18Wof/Hef4THQ==",
      "cpu": [
        "x64"
      ],
      "optional": true,
      "os": [
        "linux"
      ],
      "engines": {
        "node": ">= 10"
      }
    },
    "node_modules/@next/swc-win32-arm64-msvc": {
      "version": "15.0.0-canary.130",
      "resolved": "https://registry.npmmirror.com/@next/swc-win32-arm64-msvc/-/swc-win32-arm64-msvc-15.0.0-canary.130.tgz",
      "integrity": "sha512-pyzWVUUY+PbNV4i0mfF4RUF3sPNEYZ639eLCThbSbcaonAKl0ijyIuBMWUAKY7R61qu1K91/o4shLHG5Q1/kIw==",
      "cpu": [
        "arm64"
      ],
      "optional": true,
      "os": [
        "win32"
      ],
      "engines": {
        "node": ">= 10"
      }
    },
    "node_modules/@next/swc-win32-ia32-msvc": {
      "version": "15.0.0-canary.130",
      "resolved": "https://registry.npmmirror.com/@next/swc-win32-ia32-msvc/-/swc-win32-ia32-msvc-15.0.0-canary.130.tgz",
      "integrity": "sha512-zKZ/rq7tm6GUrO+pOYNDAloVLn7VbIn+d2tBknpc5iC3Lp3UPO7omgD7qu3yzDRK7aw1vYxA2s7l3ojR+QnpJg==",
      "cpu": [
        "ia32"
      ],
      "optional": true,
      "os": [
        "win32"
      ],
      "engines": {
        "node": ">= 10"
      }
    },
    "node_modules/@next/swc-win32-x64-msvc": {
      "version": "15.0.0-canary.130",
      "resolved": "https://registry.npmmirror.com/@next/swc-win32-x64-msvc/-/swc-win32-x64-msvc-15.0.0-canary.130.tgz",
      "integrity": "sha512-LuLjeYm+I7hFvnkI5GAUyUGbpqtAuSN9zf7v+JdTA4+1G2wSPV0qzEjtJKY5ivd3Lhq8Q8vPgSPAZoFP/Ch5bA==",
      "cpu": [
        "x64"
      ],
      "optional": true,
      "os": [
        "win32"
      ],
      "engines": {
        "node": ">= 10"
      }
    },
    "node_modules/@swc/counter": {
      "version": "0.1.3",
      "resolved": "https://registry.npmmirror.com/@swc/counter/-/counter-0.1.3.tgz",
      "integrity": "sha512-e2BR4lsJkkRlKZ/qCHPw9ZaSxc0MVUd7gtbtaB7aMvHeJVYe8sOB8DBZkP2DtISHGSku9sCK6T6cnY0CtXrOCQ=="
    },
    "node_modules/@swc/helpers": {
      "version": "0.5.12",
      "resolved": "https://registry.npmmirror.com/@swc/helpers/-/helpers-0.5.12.tgz",
      "integrity": "sha512-KMZNXiGibsW9kvZAO1Pam2JPTDBm+KSHMMHWdsyI/1DbIZjT2A6Gy3hblVXUMEDvUAKq+e0vL0X0o54owWji7g==",
      "dependencies": {
        "tslib": "^2.4.0"
      }
    },
    "node_modules/busboy": {
      "version": "1.6.0",
      "resolved": "https://registry.npmmirror.com/busboy/-/busboy-1.6.0.tgz",
      "integrity": "sha512-8SFQbg/0hQ9xy3UNTB0YEnsNBbWfhf7RtnzpL7TkBiTBRfrQ9Fxcnz7VJsleJpyp6rVLvXiuORqjlHi5q+PYuA==",
      "dependencies": {
        "streamsearch": "^1.1.0"
      },
      "engines": {
        "node": ">=10.16.0"
      }
    },
    "node_modules/caniuse-lite": {
      "version": "1.0.30001653",
      "resolved": "https://registry.npmmirror.com/caniuse-lite/-/caniuse-lite-1.0.30001653.tgz",
      "integrity": "sha512-XGWQVB8wFQ2+9NZwZ10GxTYC5hk0Fa+q8cSkr0tgvMhYhMHP/QC+WTgrePMDBWiWc/pV+1ik82Al20XOK25Gcw==",
      "funding": [
        {
          "type": "opencollective",
          "url": "https://opencollective.com/browserslist"
        },
        {
          "type": "tidelift",
          "url": "https://tidelift.com/funding/github/npm/caniuse-lite"
        },
        {
          "type": "github",
          "url": "https://github.com/sponsors/ai"
        }
      ]
    },
    "node_modules/client-only": {
      "version": "0.0.1",
      "resolved": "https://registry.npmmirror.com/client-only/-/client-only-0.0.1.tgz",
      "integrity": "sha512-IV3Ou0jSMzZrd3pZ48nLkT9DA7Ag1pnPzaiQhpW7c3RbcqqzvzzVu+L8gfqMp/8IM2MQtSiqaCxrrcfu8I8rMA=="
    },
    "node_modules/color": {
      "version": "4.2.3",
      "resolved": "https://registry.npmmirror.com/color/-/color-4.2.3.tgz",
      "integrity": "sha512-1rXeuUUiGGrykh+CeBdu5Ie7OJwinCgQY0bc7GCRxy5xVHy+moaqkpL/jqQq0MtQOeYcrqEz4abc5f0KtU7W4A==",
      "optional": true,
      "dependencies": {
        "color-convert": "^2.0.1",
        "color-string": "^1.9.0"
      },
      "engines": {
        "node": ">=12.5.0"
      }
    },
    "node_modules/color-convert": {
      "version": "2.0.1",
      "resolved": "https://registry.npmmirror.com/color-convert/-/color-convert-2.0.1.tgz",
      "integrity": "sha512-RRECPsj7iu/xb5oKYcsFHSppFNnsj/52OVTRKb4zP5onXwVF3zVmmToNcOfGC+CRDpfK/U584fMg38ZHCaElKQ==",
      "optional": true,
      "dependencies": {
        "color-name": "~1.1.4"
      },
      "engines": {
        "node": ">=7.0.0"
      }
    },
    "node_modules/color-name": {
      "version": "1.1.4",
      "resolved": "https://registry.npmmirror.com/color-name/-/color-name-1.1.4.tgz",
      "integrity": "sha512-dOy+3AuW3a2wNbZHIuMZpTcgjGuLU/uBL/ubcZF9OXbDo8ff4O8yVp5Bf0efS8uEoYo5q4Fx7dY9OgQGXgAsQA==",
      "optional": true
    },
    "node_modules/color-string": {
      "version": "1.9.1",
      "resolved": "https://registry.npmmirror.com/color-string/-/color-string-1.9.1.tgz",
      "integrity": "sha512-shrVawQFojnZv6xM40anx4CkoDP+fZsw/ZerEMsW/pyzsRbElpsL/DBVW7q3ExxwusdNXI3lXpuhEZkzs8p5Eg==",
      "optional": true,
      "dependencies": {
        "color-name": "^1.0.0",
        "simple-swizzle": "^0.2.2"
      }
    },
    "node_modules/detect-libc": {
      "version": "2.0.3",
      "resolved": "https://registry.npmmirror.com/detect-libc/-/detect-libc-2.0.3.tgz",
      "integrity": "sha512-bwy0MGW55bG41VqxxypOsdSdGqLwXPI/focwgTYCFMbdUiBAxLg9CFzG08sz2aqzknwiX7Hkl0bQENjg8iLByw==",
      "optional": true,
      "engines": {
        "node": ">=8"
      }
    },
    "node_modules/graceful-fs": {
      "version": "4.2.11",
      "resolved": "https://registry.npmmirror.com/graceful-fs/-/graceful-fs-4.2.11.tgz",
      "integrity": "sha512-RbJ5/jmFcNNCcDV5o9eTnBLJ/HszWV0P73bc+Ff4nS/rJj+YaS6IGyiOL0VoBYX+l1Wrl3k63h/KrH+nhJ0XvQ=="
    },
    "node_modules/is-arrayish": {
      "version": "0.3.2",
      "resolved": "https://registry.npmmirror.com/is-arrayish/-/is-arrayish-0.3.2.tgz",
      "integrity": "sha512-eVRqCvVlZbuw3GrM63ovNSNAeA1K16kaR/LRY/92w0zxQ5/1YzwblUX652i4Xs9RwAGjW9d9y6X88t8OaAJfWQ==",
      "optional": true
    },
    "node_modules/nanoid": {
      "version": "3.3.7",
      "resolved": "https://registry.npmmirror.com/nanoid/-/nanoid-3.3.7.tgz",
      "integrity": "sha512-eSRppjcPIatRIMC1U6UngP8XFcz8MQWGQdt1MTBQ7NaAmvXDfvNxbvWV3x2y6CdEUciCSsDHDQZbhYaB8QEo2g==",
      "funding": [
        {
          "type": "github",
          "url": "https://github.com/sponsors/ai"
        }
      ],
      "bin": {
        "nanoid": "bin/nanoid.cjs"
      },
      "engines": {
        "node": "^10 || ^12 || ^13.7 || ^14 || >=15.0.1"
      }
    },
    "node_modules/next": {
      "version": "15.0.0-canary.130",
      "resolved": "https://registry.npmmirror.com/next/-/next-15.0.0-canary.130.tgz",
      "integrity": "sha512-040yF0BkJSbanzujIJ+7NbSjrxBsMSo7EtXfJmGbmt8/NzjS5hO8vaTDClKDhyU90O4WbMqHVZrTiVVfVCZ72g==",
      "dependencies": {
        "@next/env": "15.0.0-canary.130",
        "@swc/counter": "0.1.3",
        "@swc/helpers": "0.5.12",
        "busboy": "1.6.0",
        "caniuse-lite": "^1.0.30001579",
        "graceful-fs": "^4.2.11",
        "postcss": "8.4.31",
        "styled-jsx": "5.1.6"
      },
      "bin": {
        "next": "dist/bin/next"
      },
      "engines": {
        "node": ">=18.18.0"
      },
      "optionalDependencies": {
        "@next/swc-darwin-arm64": "15.0.0-canary.130",
        "@next/swc-darwin-x64": "15.0.0-canary.130",
        "@next/swc-linux-arm64-gnu": "15.0.0-canary.130",
        "@next/swc-linux-arm64-musl": "15.0.0-canary.130",
        "@next/swc-linux-x64-gnu": "15.0.0-canary.130",
        "@next/swc-linux-x64-musl": "15.0.0-canary.130",
        "@next/swc-win32-arm64-msvc": "15.0.0-canary.130",
        "@next/swc-win32-ia32-msvc": "15.0.0-canary.130",
        "@next/swc-win32-x64-msvc": "15.0.0-canary.130",
        "sharp": "^0.33.4"
      },
      "peerDependencies": {
        "@opentelemetry/api": "^1.1.0",
        "@playwright/test": "^1.41.2",
        "babel-plugin-react-compiler": "*",
        "react": "19.0.0-rc-eb3ad065-20240822",
        "react-dom": "19.0.0-rc-eb3ad065-20240822",
        "sass": "^1.3.0"
      },
      "peerDependenciesMeta": {
        "@opentelemetry/api": {
          "optional": true
        },
        "@playwright/test": {
          "optional": true
        },
        "babel-plugin-react-compiler": {
          "optional": true
        },
        "sass": {
          "optional": true
        }
      }
    },
    "node_modules/picocolors": {
      "version": "1.0.1",
      "resolved": "https://registry.npmmirror.com/picocolors/-/picocolors-1.0.1.tgz",
      "integrity": "sha512-anP1Z8qwhkbmu7MFP5iTt+wQKXgwzf7zTyGlcdzabySa9vd0Xt392U0rVmz9poOaBj0uHJKyyo9/upk0HrEQew=="
    },
    "node_modules/postcss": {
      "version": "8.4.31",
      "resolved": "https://registry.npmmirror.com/postcss/-/postcss-8.4.31.tgz",
      "integrity": "sha512-PS08Iboia9mts/2ygV3eLpY5ghnUcfLV/EXTOW1E2qYxJKGGBUtNjN76FYHnMs36RmARn41bC0AZmn+rR0OVpQ==",
      "funding": [
        {
          "type": "opencollective",
          "url": "https://opencollective.com/postcss/"
        },
        {
          "type": "tidelift",
          "url": "https://tidelift.com/funding/github/npm/postcss"
        },
        {
          "type": "github",
          "url": "https://github.com/sponsors/ai"
        }
      ],
      "dependencies": {
        "nanoid": "^3.3.6",
        "picocolors": "^1.0.0",
        "source-map-js": "^1.0.2"
      },
      "engines": {
        "node": "^10 || ^12 || >=14"
      }
    },
    "node_modules/semver": {
      "version": "7.6.3",
      "resolved": "https://registry.npmmirror.com/semver/-/semver-7.6.3.tgz",
      "integrity": "sha512-oVekP1cKtI+CTDvHWYFUcMtsK/00wmAEfyqKfNdARm8u1wNVhSgaX7A8d4UuIlUI5e84iEwOhs7ZPYRmzU9U6A==",
      "optional": true,
      "bin": {
        "semver": "bin/semver.js"
      },
      "engines": {
        "node": ">=10"
      }
    },
    "node_modules/sharp": {
      "version": "0.33.5",
      "resolved": "https://registry.npmmirror.com/sharp/-/sharp-0.33.5.tgz",
      "integrity": "sha512-haPVm1EkS9pgvHrQ/F3Xy+hgcuMV0Wm9vfIBSiwZ05k+xgb0PkBQpGsAA/oWdDobNaZTH5ppvHtzCFbnSEwHVw==",
      "hasInstallScript": true,
      "optional": true,
      "dependencies": {
        "color": "^4.2.3",
        "detect-libc": "^2.0.3",
        "semver": "^7.6.3"
      },
      "engines": {
        "node": "^18.17.0 || ^20.3.0 || >=21.0.0"
      },
      "funding": {
        "url": "https://opencollective.com/libvips"
      },
      "optionalDependencies": {
        "@img/sharp-darwin-arm64": "0.33.5",
        "@img/sharp-darwin-x64": "0.33.5",
        "@img/sharp-libvips-darwin-arm64": "1.0.4",
        "@img/sharp-libvips-darwin-x64": "1.0.4",
        "@img/sharp-libvips-linux-arm": "1.0.5",
        "@img/sharp-libvips-linux-arm64": "1.0.4",
        "@img/sharp-libvips-linux-s390x": "1.0.4",
        "@img/sharp-libvips-linux-x64": "1.0.4",
        "@img/sharp-libvips-linuxmusl-arm64": "1.0.4",
        "@img/sharp-libvips-linuxmusl-x64": "1.0.4",
        "@img/sharp-linux-arm": "0.33.5",
        "@img/sharp-linux-arm64": "0.33.5",
        "@img/sharp-linux-s390x": "0.33.5",
        "@img/sharp-linux-x64": "0.33.5",
        "@img/sharp-linuxmusl-arm64": "0.33.5",
        "@img/sharp-linuxmusl-x64": "0.33.5",
        "@img/sharp-wasm32": "0.33.5",
        "@img/sharp-win32-ia32": "0.33.5",
        "@img/sharp-win32-x64": "0.33.5"
      }
    },
    "node_modules/simple-swizzle": {
      "version": "0.2.2",
      "resolved": "https://registry.npmmirror.com/simple-swizzle/-/simple-swizzle-0.2.2.tgz",
      "integrity": "sha512-JA//kQgZtbuY83m+xT+tXJkmJncGMTFT+C+g2h2R9uxkYIrE2yy9sgmcLhCnw57/WSD+Eh3J97FPEDFnbXnDUg==",
      "optional": true,
      "dependencies": {
        "is-arrayish": "^0.3.1"
      }
    },
    "node_modules/source-map-js": {
      "version": "1.2.0",
      "resolved": "https://registry.npmmirror.com/source-map-js/-/source-map-js-1.2.0.tgz",
      "integrity": "sha512-itJW8lvSA0TXEphiRoawsCksnlf8SyvmFzIhltqAHluXd88pkCd+cXJVHTDwdCr0IzwptSm035IHQktUu1QUMg==",
      "engines": {
        "node": ">=0.10.0"
      }
    },
    "node_modules/streamsearch": {
      "version": "1.1.0",
      "resolved": "https://registry.npmmirror.com/streamsearch/-/streamsearch-1.1.0.tgz",
      "integrity": "sha512-Mcc5wHehp9aXz1ax6bZUyY5afg9u2rv5cqQI3mRrYkGC8rW2hM02jWuwjtL++LS5qinSyhj2QfLyNsuc+VsExg==",
      "engines": {
        "node": ">=10.0.0"
      }
    },
    "node_modules/styled-jsx": {
      "version": "5.1.6",
      "resolved": "https://registry.npmmirror.com/styled-jsx/-/styled-jsx-5.1.6.tgz",
      "integrity": "sha512-qSVyDTeMotdvQYoHWLNGwRFJHC+i+ZvdBRYosOFgC+Wg1vx4frN2/RG/NA7SYqqvKNLf39P2LSRA2pu6n0XYZA==",
      "dependencies": {
        "client-only": "0.0.1"
      },
      "engines": {
        "node": ">= 12.0.0"
      },
      "peerDependencies": {
        "react": ">= 16.8.0 || 17.x.x || ^18.0.0-0 || ^19.0.0-0"
      },
      "peerDependenciesMeta": {
        "@babel/core": {
          "optional": true
        },
        "babel-plugin-macros": {
          "optional": true
        }
      }
    },
    "node_modules/tslib": {
      "version": "2.7.0",
      "resolved": "https://registry.npmmirror.com/tslib/-/tslib-2.7.0.tgz",
      "integrity": "sha512-gLXCKdN1/j47AiHiOkJN69hJmcbGTHI0ImLmbYLHykhgeN0jVGola9yVjFgzCUklsZQMW55o+dW7IXv3RCXDzA=="
    }
  }
}
